
Microsoft Visual Studio Solution File, Format Version 12.00
# Visual Studio Version 17
VisualStudioVersion = 17.0.31903.59
MinimumVisualStudioVersion = 10.0.40219.1
Project("{2150E333-8FDC-42A3-9474-1A3956D46DE8}") = "src", "src", "{827E0CD3-B72D-47B6-A68D-7590B98EB39B}"
EndProject
Project("{FAE04EC0-301F-11D3-BF4B-00C04F79EFBC}") = "MMoneyWeb.Web", "src\MMoneyWeb.Web\MMoneyWeb.Web.csproj", "{9485312B-663C-4DA8-A661-FF0A86455C92}"
EndProject
Project("{2150E333-8FDC-42A3-9474-1A3956D46DE8}") = "tests", "tests", "{0AB3BF05-4346-4AA6-1389-037BE0695223}"
EndProject
Project("{FAE04EC0-301F-11D3-BF4B-00C04F79EFBC}") = "MMoneyWeb.Tests", "tests\MMoneyWeb.Tests\MMoneyWeb.Tests.csproj", "{A6B5CDB7-361F-4BF6-8FA2-E041BE1DCF98}"
EndProject
Global
	GlobalSection(SolutionConfigurationPlatforms) = preSolution
		Debug|Any CPU = Debug|Any CPU
		Debug|x64 = Debug|x64
		Debug|x86 = Debug|x86
		Release|Any CPU = Release|Any CPU
		Release|x64 = Release|x64
		Release|x86 = Release|x86
	EndGlobalSection
	GlobalSection(ProjectConfigurationPlatforms) = postSolution
		{9485312B-663C-4DA8-A661-FF0A86455C92}.Debug|Any CPU.ActiveCfg = Debug|Any CPU
		{9485312B-663C-4DA8-A661-FF0A86455C92}.Debug|Any CPU.Build.0 = Debug|Any CPU
		{9485312B-663C-4DA8-A661-FF0A86455C92}.Debug|x64.ActiveCfg = Debug|Any CPU
		{9485312B-663C-4DA8-A661-FF0A86455C92}.Debug|x64.Build.0 = Debug|Any CPU
		{9485312B-663C-4DA8-A661-FF0A86455C92}.Debug|x86.ActiveCfg = Debug|Any CPU
		{9485312B-663C-4DA8-A661-FF0A86455C92}.Debug|x86.Build.0 = Debug|Any CPU
		{9485312B-663C-4DA8-A661-FF0A86455C92}.Release|Any CPU.ActiveCfg = Release|Any CPU
		{9485312B-663C-4DA8-A661-FF0A86455C92}.Release|Any CPU.Build.0 = Release|Any CPU
		{9485312B-663C-4DA8-A661-FF0A86455C92}.Release|x64.ActiveCfg = Release|Any CPU
		{9485312B-663C-4DA8-A661-FF0A86455C92}.Release|x64.Build.0 = Release|Any CPU
		{9485312B-663C-4DA8-A661-FF0A86455C92}.Release|x86.ActiveCfg = Release|Any CPU
		{9485312B-663C-4DA8-A661-FF0A86455C92}.Release|x86.Build.0 = Release|Any CPU
		{A6B5CDB7-361F-4BF6-8FA2-E041BE1DCF98}.Debug|Any CPU.ActiveCfg = Debug|Any CPU
		{A6B5CDB7-361F-4BF6-8FA2-E041BE1DCF98}.Debug|Any CPU.Build.0 = Debug|Any CPU
		{A6B5CDB7-361F-4BF6-8FA2-E041BE1DCF98}.Debug|x64.ActiveCfg = Debug|Any CPU
		{A6B5CDB7-361F-4BF6-8FA2-E041BE1DCF98}.Debug|x64.Build.0 = Debug|Any CPU
		{A6B5CDB7-361F-4BF6-8FA2-E041BE1DCF98}.Debug|x86.ActiveCfg = Debug|Any CPU
		{A6B5CDB7-361F-4BF6-8FA2-E041BE1DCF98}.Debug|x86.Build.0 = Debug|Any CPU
		{A6B5CDB7-361F-4BF6-8FA2-E041BE1DCF98}.Release|Any CPU.ActiveCfg = Release|Any CPU
		{A6B5CDB7-361F-4BF6-8FA2-E041BE1DCF98}.Release|Any CPU.Build.0 = Release|Any CPU
		{A6B5CDB7-361F-4BF6-8FA2-E041BE1DCF98}.Release|x64.ActiveCfg = Release|Any CPU
		{A6B5CDB7-361F-4BF6-8FA2-E041BE1DCF98}.Release|x64.Build.0 = Release|Any CPU
		{A6B5CDB7-361F-4BF6-8FA2-E041BE1DCF98}.Release|x86.ActiveCfg = Release|Any CPU
		{A6B5CDB7-361F-4BF6-8FA2-E041BE1DCF98}.Release|x86.Build.0 = Release|Any CPU
	EndGlobalSection
	GlobalSection(SolutionProperties) = preSolution
		HideSolutionNode = FALSE
	EndGlobalSection
	GlobalSection(NestedProjects) = preSolution
		{9485312B-663C-4DA8-A661-FF0A86455C92} = {827E0CD3-B72D-47B6-A68D-7590B98EB39B}
		{A6B5CDB7-361F-4BF6-8FA2-E041BE1DCF98} = {0AB3BF05-4346-4AA6-1389-037BE0695223}
	EndGlobalSection
EndGlobal
